// !$*UTF8*$!
{
	archiveVersion = 1;
	classes = {
	};
	objectVersion = 50;
	objects = {

/* Begin PBXBuildFile section */
		2824B0B925CA5BB8001CE4D0 /* Pie.swift in Sources */ = {isa = PBXBuildFile; fileRef = 2824B0B825CA5BB8001CE4D0 /* Pie.swift */; };
		2849F72625BE602700E76754 /* Grid.swift in Sources */ = {isa = PBXBuildFile; fileRef = 2849F72525BE602700E76754 /* Grid.swift */; };
		2849F72925BE6CEA00E76754 /* GridLayout.swift in Sources */ = {isa = PBXBuildFile; fileRef = 2849F72825BE6CEA00E76754 /* GridLayout.swift */; };
		2849F72C25BE78F100E76754 /* Array+Identifiable.swift in Sources */ = {isa = PBXBuildFile; fileRef = 2849F72B25BE78F100E76754 /* Array+Identifiable.swift */; };
		2873FFAB25A2C6D900F5E236 /* AppDelegate.swift in Sources */ = {isa = PBXBuildFile; fileRef = 2873FFAA25A2C6D900F5E236 /* AppDelegate.swift */; };
		2873FFAD25A2C6D900F5E236 /* SceneDelegate.swift in Sources */ = {isa = PBXBuildFile; fileRef = 2873FFAC25A2C6D900F5E236 /* SceneDelegate.swift */; };
		2873FFAF25A2C6D900F5E236 /* EmojiMemoryGameView.swift in Sources */ = {isa = PBXBuildFile; fileRef = 2873FFAE25A2C6D900F5E236 /* EmojiMemoryGameView.swift */; };
		2873FFB125A2C6D900F5E236 /* Assets.xcassets in Resources */ = {isa = PBXBuildFile; fileRef = 2873FFB025A2C6D900F5E236 /* Assets.xcassets */; };
		2873FFB425A2C6D900F5E236 /* Preview Assets.xcassets in Resources */ = {isa = PBXBuildFile; fileRef = 2873FFB325A2C6D900F5E236 /* Preview Assets.xcassets */; };
		2873FFB725A2C6D900F5E236 /* LaunchScreen.storyboard in Resources */ = {isa = PBXBuildFile; fileRef = 2873FFB525A2C6D900F5E236 /* LaunchScreen.storyboard */; };
		2873FFC025A3319300F5E236 /* MemoryGame.swift in Sources */ = {isa = PBXBuildFile; fileRef = 2873FFBF25A3319300F5E236 /* MemoryGame.swift */; };
		2873FFC325A338BF00F5E236 /* EmojiMemoryGame.swift in Sources */ = {isa = PBXBuildFile; fileRef = 2873FFC225A338BF00F5E236 /* EmojiMemoryGame.swift */; };
		28860FA025CB9C8A00A98C7E /* Cardify.swift in Sources */ = {isa = PBXBuildFile; fileRef = 28860F9F25CB9C8A00A98C7E /* Cardify.swift */; };
		28A4470425BFDB740019EFFA /* Array+Only.swift in Sources */ = {isa = PBXBuildFile; fileRef = 28A4470325BFDB740019EFFA /* Array+Only.swift */; };
/* End PBXBuildFile section */

/* Begin PBXFileReference section */
		2824B0B825CA5BB8001CE4D0 /* Pie.swift */ = {isa = PBXFileReference; lastKnownFileType = sourcecode.swift; path = Pie.swift; sourceTree = "<group>"; };
		2849F72525BE602700E76754 /* Grid.swift */ = {isa = PBXFileReference; lastKnownFileType = sourcecode.swift; path = Grid.swift; sourceTree = "<group>"; };
		2849F72825BE6CEA00E76754 /* GridLayout.swift */ = {isa = PBXFileReference; fileEncoding = 4; lastKnownFileType = sourcecode.swift; path = GridLayout.swift; sourceTree = "<group>"; };
		2849F72B25BE78F100E76754 /* Array+Identifiable.swift */ = {isa = PBXFileReference; lastKnownFileType = sourcecode.swift; path = "Array+Identifiable.swift"; sourceTree = "<group>"; };
		2873FFA725A2C6D900F5E236 /* Memorize.app */ = {isa = PBXFileReference; explicitFileType = wrapper.application; includeInIndex = 0; path = Memorize.app; sourceTree = BUILT_PRODUCTS_DIR; };
		2873FFAA25A2C6D900F5E236 /* AppDelegate.swift */ = {isa = PBXFileReference; lastKnownFileType = sourcecode.swift; path = AppDelegate.swift; sourceTree = "<group>"; };
		2873FFAC25A2C6D900F5E236 /* SceneDelegate.swift */ = {isa = PBXFileReference; lastKnownFileType = sourcecode.swift; path = SceneDelegate.swift; sourceTree = "<group>"; };
		2873FFAE25A2C6D900F5E236 /* EmojiMemoryGameView.swift */ = {isa = PBXFileReference; lastKnownFileType = sourcecode.swift; path = EmojiMemoryGameView.swift; sourceTree = "<group>"; };
		2873FFB025A2C6D900F5E236 /* Assets.xcassets */ = {isa = PBXFileReference; lastKnownFileType = folder.assetcatalog; path = Assets.xcassets; sourceTree = "<group>"; };
		2873FFB325A2C6D900F5E236 /* Preview Assets.xcassets */ = {isa = PBXFileReference; lastKnownFileType = folder.assetcatalog; path = "Preview Assets.xcassets"; sourceTree = "<group>"; };
		2873FFB625A2C6D900F5E236 /* Base */ = {isa = PBXFileReference; lastKnownFileType = file.storyboard; name = Base; path = Base.lproj/LaunchScreen.storyboard; sourceTree = "<group>"; };
		2873FFB825A2C6D900F5E236 /* Info.plist */ = {isa = PBXFileReference; lastKnownFileType = text.plist.xml; path = Info.plist; sourceTree = "<group>"; };
		2873FFBF25A3319300F5E236 /* MemoryGame.swift */ = {isa = PBXFileReference; lastKnownFileType = sourcecode.swift; path = MemoryGame.swift; sourceTree = "<group>"; };
		2873FFC225A338BF00F5E236 /* EmojiMemoryGame.swift */ = {isa = PBXFileReference; lastKnownFileType = sourcecode.swift; path = EmojiMemoryGame.swift; sourceTree = "<group>"; };
		28860F9F25CB9C8A00A98C7E /* Cardify.swift */ = {isa = PBXFileReference; lastKnownFileType = sourcecode.swift; path = Cardify.swift; sourceTree = "<group>"; };
		28A4470325BFDB740019EFFA /* Array+Only.swift */ = {isa = PBXFileReference; lastKnownFileType = sourcecode.swift; path = "Array+Only.swift"; sourceTree = "<group>"; };
/* End PBXFileReference section */

/* Begin PBXFrameworksBuildPhase section */
		2873FFA425A2C6D900F5E236 /* Frameworks */ = {
			isa = PBXFrameworksBuildPhase;
			buildActionMask = 2147483647;
			files = (
			);
			runOnlyForDeploymentPostprocessing = 0;
		};
/* End PBXFrameworksBuildPhase section */

/* Begin PBXGroup section */
		2873FF9E25A2C6D900F5E236 = {
			isa = PBXGroup;
			children = (
				2873FFA925A2C6D900F5E236 /* Memorize */,
				2873FFA825A2C6D900F5E236 /* Products */,
			);
			sourceTree = "<group>";
		};
		2873FFA825A2C6D900F5E236 /* Products */ = {
			isa = PBXGroup;
			children = (
				2873FFA725A2C6D900F5E236 /* Memorize.app */,
			);
			name = Products;
			sourceTree = "<group>";
		};
		2873FFA925A2C6D900F5E236 /* Memorize */ = {
			isa = PBXGroup;
			children = (
				2873FFAA25A2C6D900F5E236 /* AppDelegate.swift */,
				2873FFAC25A2C6D900F5E236 /* SceneDelegate.swift */,
				2873FFAE25A2C6D900F5E236 /* EmojiMemoryGameView.swift */,
				28860F9F25CB9C8A00A98C7E /* Cardify.swift */,
				2824B0B825CA5BB8001CE4D0 /* Pie.swift */,
				2849F72525BE602700E76754 /* Grid.swift */,
				2849F72B25BE78F100E76754 /* Array+Identifiable.swift */,
				2849F72825BE6CEA00E76754 /* GridLayout.swift */,
				2873FFC225A338BF00F5E236 /* EmojiMemoryGame.swift */,
				2873FFBF25A3319300F5E236 /* MemoryGame.swift */,
				28A4470325BFDB740019EFFA /* Array+Only.swift */,
				2873FFB025A2C6D900F5E236 /* Assets.xcassets */,
				2873FFB525A2C6D900F5E236 /* LaunchScreen.storyboard */,
				2873FFB825A2C6D900F5E236 /* Info.plist */,
				2873FFB225A2C6D900F5E236 /* Preview Content */,
			);
			path = Memorize;
			sourceTree = "<group>";
		};
		2873FFB225A2C6D900F5E236 /* Preview Content */ = {
			isa = PBXGroup;
			children = (
				2873FFB325A2C6D900F5E236 /* Preview Assets.xcassets */,
			);
			path = "Preview Content";
			sourceTree = "<group>";
		};
/* End PBXGroup section */

/* Begin PBXNativeTarget section */
		2873FFA625A2C6D900F5E236 /* Memorize */ = {
			isa = PBXNativeTarget;
			buildConfigurationList = 2873FFBB25A2C6D900F5E236 /* Build configuration list for PBXNativeTarget "Memorize" */;
			buildPhases = (
				2873FFA325A2C6D900F5E236 /* Sources */,
				2873FFA425A2C6D900F5E236 /* Frameworks */,
				2873FFA525A2C6D900F5E236 /* Resources */,
			);
			buildRules = (
			);
			dependencies = (
			);
			name = Memorize;
			productName = Memorize;
			productReference = 2873FFA725A2C6D900F5E236 /* Memorize.app */;
			productType = "com.apple.product-type.application";
		};
/* End PBXNativeTarget section */

/* Begin PBXProject section */
		2873FF9F25A2C6D900F5E236 /* Project object */ = {
			isa = PBXProject;
			attributes = {
				LastSwiftUpdateCheck = 1230;
				LastUpgradeCheck = 1230;
				TargetAttributes = {
					2873FFA625A2C6D900F5E236 = {
						CreatedOnToolsVersion = 12.3;
					};
				};
			};
			buildConfigurationList = 2873FFA225A2C6D900F5E236 /* Build configuration list for PBXProject "Memorize" */;
			compatibilityVersion = "Xcode 9.3";
			developmentRegion = en;
			hasScannedForEncodings = 0;
			knownRegions = (
				en,
				Base,
			);
			mainGroup = 2873FF9E25A2C6D900F5E236;
			productRefGroup = 2873FFA825A2C6D900F5E236 /* Products */;
			projectDirPath = "";
			projectRoot = "";
			targets = (
				2873FFA625A2C6D900F5E236 /* Memorize */,
			);
		};
/* End PBXProject section */

/* Begin PBXResourcesBuildPhase section */
		2873FFA525A2C6D900F5E236 /* Resources */ = {
			isa = PBXResourcesBuildPhase;
			buildActionMask = 2147483647;
			files = (
				2873FFB725A2C6D900F5E236 /* LaunchScreen.storyboard in Resources */,
				2873FFB425A2C6D900F5E236 /* Preview Assets.xcassets in Resources */,
				2873FFB125A2C6D900F5E236 /* Assets.xcassets in Resources */,
			);
			runOnlyForDeploymentPostprocessing = 0;
		};
/* End PBXResourcesBuildPhase section */

/* Begin PBXSourcesBuildPhase section */
		2873FFA325A2C6D900F5E236 /* Sources */ = {
			isa = PBXSourcesBuildPhase;
			buildActionMask = 2147483647;
			files = (
				28860FA025CB9C8A00A98C7E /* Cardify.swift in Sources */,
				2824B0B925CA5BB8001CE4D0 /* Pie.swift in Sources */,
				2873FFAB25A2C6D900F5E236 /* AppDelegate.swift in Sources */,
				2873FFAD25A2C6D900F5E236 /* SceneDelegate.swift in Sources */,
				2873FFC025A3319300F5E236 /* MemoryGame.swift in Sources */,
				28A4470425BFDB740019EFFA /* Array+Only.swift in Sources */,
				2873FFAF25A2C6D900F5E236 /* EmojiMemoryGameView.swift in Sources */,
				2873FFC325A338BF00F5E236 /* EmojiMemoryGame.swift in Sources */,
				2849F72C25BE78F100E76754 /* Array+Identifiable.swift in Sources */,
				2849F72925BE6CEA00E76754 /* GridLayout.swift in Sources */,
				2849F72625BE602700E76754 /* Grid.swift in Sources */,
			);
			runOnlyForDeploymentPostprocessing = 0;
		};
/* End PBXSourcesBuildPhase section */

/* Begin PBXVariantGroup section */
		2873FFB525A2C6D900F5E236 /* LaunchScreen.storyboard */ = {
			isa = PBXVariantGroup;
			children = (
				2873FFB625A2C6D900F5E236 /* Base */,
			);
			name = LaunchScreen.storyboard;
			sourceTree = "<group>";
		};
/* End PBXVariantGroup section */

/* Begin XCBuildConfiguration section */
		2873FFB925A2C6D900F5E236 /* Debug */ = {
			isa = XCBuildConfiguration;
			buildSettings = {
				ALWAYS_SEARCH_USER_PATHS = NO;
				CLANG_ANALYZER_NONNULL = YES;
				CLANG_ANALYZER_NUMBER_OBJECT_CONVERSION = YES_AGGRESSIVE;
				CLANG_CXX_LANGUAGE_STANDARD = "gnu++14";
				CLANG_CXX_LIBRARY = "libc++";
				CLANG_ENABLE_MODULES = YES;
				CLANG_ENABLE_OBJC_ARC = YES;
				CLANG_ENABLE_OBJC_WEAK = YES;
				CLANG_WARN_BLOCK_CAPTURE_AUTORELEASING = YES;
				CLANG_WARN_BOOL_CONVERSION = YES;
				CLANG_WARN_COMMA = YES;
				CLANG_WARN_CONSTANT_CONVERSION = YES;
				CLANG_WARN_DEPRECATED_OBJC_IMPLEMENTATIONS = YES;
				CLANG_WARN_DIRECT_OBJC_ISA_USAGE = YES_ERROR;
				CLANG_WARN_DOCUMENTATION_COMMENTS = YES;
				CLANG_WARN_EMPTY_BODY = YES;
				CLANG_WARN_ENUM_CONVERSION = YES;
				CLANG_WARN_INFINITE_RECURSION = YES;
				CLANG_WARN_INT_CONVERSION = YES;
				CLANG_WARN_NON_LITERAL_NULL_CONVERSION = YES;
				CLANG_WARN_OBJC_IMPLICIT_RETAIN_SELF = YES;
				CLANG_WARN_OBJC_LITERAL_CONVERSION = YES;
				CLANG_WARN_OBJC_ROOT_CLASS = YES_ERROR;
				CLANG_WARN_QUOTED_INCLUDE_IN_FRAMEWORK_HEADER = YES;
				CLANG_WARN_RANGE_LOOP_ANALYSIS = YES;
				CLANG_WARN_STRICT_PROTOTYPES = YES;
				CLANG_WARN_SUSPICIOUS_MOVE = YES;
				CLANG_WARN_UNGUARDED_AVAILABILITY = YES_AGGRESSIVE;
				CLANG_WARN_UNREACHABLE_CODE = YES;
				CLANG_WARN__DUPLICATE_METHOD_MATCH = YES;
				COPY_PHASE_STRIP = NO;
				DEBUG_INFORMATION_FORMAT = dwarf;
				ENABLE_STRICT_OBJC_MSGSEND = YES;
				ENABLE_TESTABILITY = YES;
				GCC_C_LANGUAGE_STANDARD = gnu11;
				GCC_DYNAMIC_NO_PIC = NO;
				GCC_NO_COMMON_BLOCKS = YES;
				GCC_OPTIMIZATION_LEVEL = 0;
				GCC_PREPROCESSOR_DEFINITIONS = (
					"DEBUG=1",
					"$(inherited)",
				);
				GCC_WARN_64_TO_32_BIT_CONVERSION = YES;
				GCC_WARN_ABOUT_RETURN_TYPE = YES_ERROR;
				GCC_WARN_UNDECLARED_SELECTOR = YES;
				GCC_WARN_UNINITIALIZED_AUTOS = YES_AGGRESSIVE;
				GCC_WARN_UNUSED_FUNCTION = YES;
				GCC_WARN_UNUSED_VARIABLE = YES;
				IPHONEOS_DEPLOYMENT_TARGET = 14.3;
				MTL_ENABLE_DEBUG_INFO = INCLUDE_SOURCE;
				MTL_FAST_MATH = YES;
				ONLY_ACTIVE_ARCH = YES;
				SDKROOT = iphoneos;
				SWIFT_ACTIVE_COMPILATION_CONDITIONS = DEBUG;
				SWIFT_OPTIMIZATION_LEVEL = "-Onone";
			};
			name = Debug;
		};
		2873FFBA25A2C6D900F5E236 /* Release */ = {
			isa = XCBuildConfiguration;
			buildSettings = {
				ALWAYS_SEARCH_USER_PATHS = NO;
				CLANG_ANALYZER_NONNULL = YES;
				CLANG_ANALYZER_NUMBER_OBJECT_CONVERSION = YES_AGGRESSIVE;
				CLANG_CXX_LANGUAGE_STANDARD = "gnu++14";
				CLANG_CXX_LIBRARY = "libc++";
				CLANG_ENABLE_MODULES = YES;
				CLANG_ENABLE_OBJC_ARC = YES;
				CLANG_ENABLE_OBJC_WEAK = YES;
				CLANG_WARN_BLOCK_CAPTURE_AUTORELEASING = YES;
				CLANG_WARN_BOOL_CONVERSION = YES;
				CLANG_WARN_COMMA = YES;
				CLANG_WARN_CONSTANT_CONVERSION = YES;
				CLANG_WARN_DEPRECATED_OBJC_IMPLEMENTATIONS = YES;
				CLANG_WARN_DIRECT_OBJC_ISA_USAGE = YES_ERROR;
				CLANG_WARN_DOCUMENTATION_COMMENTS = YES;
				CLANG_WARN_EMPTY_BODY = YES;
				CLANG_WARN_ENUM_CONVERSION = YES;
				CLANG_WARN_INFINITE_RECURSION = YES;
				CLANG_WARN_INT_CONVERSION = YES;
				CLANG_WARN_NON_LITERAL_NULL_CONVERSION = YES;
				CLANG_WARN_OBJC_IMPLICIT_RETAIN_SELF = YES;
				CLANG_WARN_OBJC_LITERAL_CONVERSION = YES;
				CLANG_WARN_OBJC_ROOT_CLASS = YES_ERROR;
				CLANG_WARN_QUOTED_INCLUDE_IN_FRAMEWORK_HEADER = YES;
				CLANG_WARN_RANGE_LOOP_ANALYSIS = YES;
				CLANG_WARN_STRICT_PROTOTYPES = YES;
				CLANG_WARN_SUSPICIOUS_MOVE = YES;
				CLANG_WARN_UNGUARDED_AVAILABILITY = YES_AGGRESSIVE;
				CLANG_WARN_UNREACHABLE_CODE = YES;
				CLANG_WARN__DUPLICATE_METHOD_MATCH = YES;
				COPY_PHASE_STRIP = NO;
				DEBUG_INFORMATION_FORMAT = "dwarf-with-dsym";
				ENABLE_NS_ASSERTIONS = NO;
				ENABLE_STRICT_OBJC_MSGSEND = YES;
				GCC_C_LANGUAGE_STANDARD = gnu11;
				GCC_NO_COMMON_BLOCKS = YES;
				GCC_WARN_64_TO_32_BIT_CONVERSION = YES;
				GCC_WARN_ABOUT_RETURN_TYPE = YES_ERROR;
				GCC_WARN_UNDECLARED_SELECTOR = YES;
				GCC_WARN_UNINITIALIZED_AUTOS = YES_AGGRESSIVE;
				GCC_WARN_UNUSED_FUNCTION = YES;
				GCC_WARN_UNUSED_VARIABLE = YES;
				IPHONEOS_DEPLOYMENT_TARGET = 14.3;
				MTL_ENABLE_DEBUG_INFO = NO;
				MTL_FAST_MATH = YES;
				SDKROOT = iphoneos;
				SWIFT_COMPILATION_MODE = wholemodule;
				SWIFT_OPTIMIZATION_LEVEL = "-O";
				VALIDATE_PRODUCT = YES;
			};
			name = Release;
		};
		2873FFBC25A2C6D900F5E236 /* Debug */ = {
			isa = XCBuildConfiguration;
			buildSettings = {
				ASSETCATALOG_COMPILER_APPICON_NAME = AppIcon;
				ASSETCATALOG_COMPILER_GLOBAL_ACCENT_COLOR_NAME = AccentColor;
				CODE_SIGN_STYLE = Automatic;
				DEVELOPMENT_ASSET_PATHS = "\"Memorize/Preview Content\"";
				ENABLE_PREVIEWS = YES;
				INFOPLIST_FILE = Memorize/Info.plist;
				LD_RUNPATH_SEARCH_PATHS = (
					"$(inherited)",
					"@executable_path/Frameworks",
				);
				PRODUCT_BUNDLE_IDENTIFIER = com.moon.Memorize;
				PRODUCT_NAME = "$(TARGET_NAME)";
				SWIFT_VERSION = 5.0;
				TARGETED_DEVICE_FAMILY = "1,2";
			};
			name = Debug;
		};
		2873FFBD25A2C6D900F5E236 /* Release */ = {
			isa = XCBuildConfiguration;
			buildSettings = {
				ASSETCATALOG_COMPILER_APPICON_NAME = AppIcon;
				ASSETCATALOG_COMPILER_GLOBAL_ACCENT_COLOR_NAME = AccentColor;
				CODE_SIGN_STYLE = Automatic;
				DEVELOPMENT_ASSET_PATHS = "\"Memorize/Preview Content\"";
				ENABLE_PREVIEWS = YES;
				INFOPLIST_FILE = Memorize/Info.plist;
				LD_RUNPATH_SEARCH_PATHS = (
					"$(inherited)",
					"@executable_path/Frameworks",
				);
				PRODUCT_BUNDLE_IDENTIFIER = com.moon.Memorize;
				PRODUCT_NAME = "$(TARGET_NAME)";
				SWIFT_VERSION = 5.0;
				TARGETED_DEVICE_FAMILY = "1,2";
			};
			name = Release;
		};
/* End XCBuildConfiguration section */

/* Begin XCConfigurationList section */
		2873FFA225A2C6D900F5E236 /* Build configuration list for PBXProject "Memorize" */ = {
			isa = XCConfigurationList;
			buildConfigurations = (
				2873FFB925A2C6D900F5E236 /* Debug */,
				2873FFBA25A2C6D900F5E236 /* Release */,
			);
			defaultConfigurationIsVisible = 0;
			defaultConfigurationName = Release;
		};
		2873FFBB25A2C6D900F5E236 /* Build configuration list for PBXNativeTarget "Memorize" */ = {
			isa = XCConfigurationList;
			buildConfigurations = (
				2873FFBC25A2C6D900F5E236 /* Debug */,
				2873FFBD25A2C6D900F5E236 /* Release */,
			);
			defaultConfigurationIsVisible = 0;
			defaultConfigurationName = Release;
		};
/* End XCConfigurationList section */
	};
	rootObject = 2873FF9F25A2C6D900F5E236 /* Project object */;
}
